// !$*UTF8*$!
{
	archiveVersion = 1;
	classes = {
	};
	objectVersion = 55;
	objects = {

/* Begin PBXBuildFile section */
		0DB5D111289555890042604A /* AppDelegate.swift in Sources */ = {isa = PBXBuildFile; fileRef = 0DB5D110289555890042604A /* AppDelegate.swift */; };
		0DB5D113289555890042604A /* SceneDelegate.swift in Sources */ = {isa = PBXBuildFile; fileRef = 0DB5D112289555890042604A /* SceneDelegate.swift */; };
		0DB5D118289555890042604A /* Main.storyboard in Resources */ = {isa = PBXBuildFile; fileRef = 0DB5D116289555890042604A /* Main.storyboard */; };
		0DB5D11B289555890042604A /* ProblemRegister.xcdatamodeld in Sources */ = {isa = PBXBuildFile; fileRef = 0DB5D119289555890042604A /* ProblemRegister.xcdatamodeld */; };
		0DB5D11D2895558B0042604A /* Assets.xcassets in Resources */ = {isa = PBXBuildFile; fileRef = 0DB5D11C2895558B0042604A /* Assets.xcassets */; };
		0DB5D1202895558B0042604A /* LaunchScreen.storyboard in Resources */ = {isa = PBXBuildFile; fileRef = 0DB5D11E2895558B0042604A /* LaunchScreen.storyboard */; };
		0DB5D13028955DA70042604A /* ProblemListingTableViewController.swift in Sources */ = {isa = PBXBuildFile; fileRef = 0DB5D12F28955DA70042604A /* ProblemListingTableViewController.swift */; };
		0DB5D133289563730042604A /* ProblemFormViewController.swift in Sources */ = {isa = PBXBuildFile; fileRef = 0DB5D132289563730042604A /* ProblemFormViewController.swift */; };
		0DB5D13728956E1A0042604A /* UIViewController+Context.swift in Sources */ = {isa = PBXBuildFile; fileRef = 0DB5D13628956E1A0042604A /* UIViewController+Context.swift */; };
		0DB5D13928956ED60042604A /* ProblemTableViewCell.swift in Sources */ = {isa = PBXBuildFile; fileRef = 0DB5D13828956ED60042604A /* ProblemTableViewCell.swift */; };
		0DB5D13C289578220042604A /* ProblemVisualizationViewController.swift in Sources */ = {isa = PBXBuildFile; fileRef = 0DB5D13B289578220042604A /* ProblemVisualizationViewController.swift */; };
/* End PBXBuildFile section */

/* Begin PBXFileReference section */
		0DB5D10D289555890042604A /* EduardoHiggorMarcusSergioSergio.app */ = {isa = PBXFileReference; explicitFileType = wrapper.application; includeInIndex = 0; path = EduardoHiggorMarcusSergioSergio.app; sourceTree = BUILT_PRODUCTS_DIR; };
		0DB5D110289555890042604A /* AppDelegate.swift */ = {isa = PBXFileReference; lastKnownFileType = sourcecode.swift; path = AppDelegate.swift; sourceTree = "<group>"; };
		0DB5D112289555890042604A /* SceneDelegate.swift */ = {isa = PBXFileReference; lastKnownFileType = sourcecode.swift; path = SceneDelegate.swift; sourceTree = "<group>"; };
		0DB5D117289555890042604A /* Base */ = {isa = PBXFileReference; lastKnownFileType = file.storyboard; name = Base; path = Base.lproj/Main.storyboard; sourceTree = "<group>"; };
		0DB5D11A289555890042604A /* ProblemRegister.xcdatamodel */ = {isa = PBXFileReference; lastKnownFileType = wrapper.xcdatamodel; path = ProblemRegister.xcdatamodel; sourceTree = "<group>"; };
		0DB5D11C2895558B0042604A /* Assets.xcassets */ = {isa = PBXFileReference; lastKnownFileType = folder.assetcatalog; path = Assets.xcassets; sourceTree = "<group>"; };
		0DB5D11F2895558B0042604A /* Base */ = {isa = PBXFileReference; lastKnownFileType = file.storyboard; name = Base; path = Base.lproj/LaunchScreen.storyboard; sourceTree = "<group>"; };
		0DB5D1212895558B0042604A /* Info.plist */ = {isa = PBXFileReference; lastKnownFileType = text.plist.xml; path = Info.plist; sourceTree = "<group>"; };
		0DB5D12F28955DA70042604A /* ProblemListingTableViewController.swift */ = {isa = PBXFileReference; lastKnownFileType = sourcecode.swift; path = ProblemListingTableViewController.swift; sourceTree = "<group>"; };
		0DB5D132289563730042604A /* ProblemFormViewController.swift */ = {isa = PBXFileReference; lastKnownFileType = sourcecode.swift; path = ProblemFormViewController.swift; sourceTree = "<group>"; };
		0DB5D13628956E1A0042604A /* UIViewController+Context.swift */ = {isa = PBXFileReference; lastKnownFileType = sourcecode.swift; path = "UIViewController+Context.swift"; sourceTree = "<group>"; };
		0DB5D13828956ED60042604A /* ProblemTableViewCell.swift */ = {isa = PBXFileReference; lastKnownFileType = sourcecode.swift; path = ProblemTableViewCell.swift; sourceTree = "<group>"; };
		0DB5D13B289578220042604A /* ProblemVisualizationViewController.swift */ = {isa = PBXFileReference; lastKnownFileType = sourcecode.swift; path = ProblemVisualizationViewController.swift; sourceTree = "<group>"; };
/* End PBXFileReference section */

/* Begin PBXFrameworksBuildPhase section */
		0DB5D10A289555890042604A /* Frameworks */ = {
			isa = PBXFrameworksBuildPhase;
			buildActionMask = 2147483647;
			files = (
			);
			runOnlyForDeploymentPostprocessing = 0;
		};
/* End PBXFrameworksBuildPhase section */

/* Begin PBXGroup section */
		0DB5D104289555890042604A = {
			isa = PBXGroup;
			children = (
				0DB5D10F289555890042604A /* ProblemRegister */,
				0DB5D10E289555890042604A /* Products */,
			);
			sourceTree = "<group>";
		};
		0DB5D10E289555890042604A /* Products */ = {
			isa = PBXGroup;
			children = (
				0DB5D10D289555890042604A /* EduardoHiggorMarcusSergioSergio.app */,
			);
			name = Products;
			sourceTree = "<group>";
		};
		0DB5D10F289555890042604A /* ProblemRegister */ = {
			isa = PBXGroup;
			children = (
				0DB5D127289557E70042604A /* Main */,
				0DB5D129289558270042604A /* Features */,
				0DB5D13128955DDE0042604A /* Files */,
				0DB5D13528956E010042604A /* Extensions */,
				0DB5D11C2895558B0042604A /* Assets.xcassets */,
				0DB5D1212895558B0042604A /* Info.plist */,
			);
			path = ProblemRegister;
			sourceTree = "<group>";
		};
		0DB5D127289557E70042604A /* Main */ = {
			isa = PBXGroup;
			children = (
				0DB5D112289555890042604A /* SceneDelegate.swift */,
				0DB5D110289555890042604A /* AppDelegate.swift */,
				0DB5D11E2895558B0042604A /* LaunchScreen.storyboard */,
				0DB5D128289557F80042604A /* View */,
			);
			path = Main;
			sourceTree = "<group>";
		};
		0DB5D128289557F80042604A /* View */ = {
			isa = PBXGroup;
			children = (
				0DB5D116289555890042604A /* Main.storyboard */,
			);
			path = View;
			sourceTree = "<group>";
		};
		0DB5D129289558270042604A /* Features */ = {
			isa = PBXGroup;
			children = (
				0DB5D12C289558570042604A /* ProblemForm */,
				0DB5D12B289558470042604A /* ProblemVisualization */,
				0DB5D12A289558380042604A /* ProblemListing */,
			);
			path = Features;
			sourceTree = "<group>";
		};
		0DB5D12A289558380042604A /* ProblemListing */ = {
			isa = PBXGroup;
			children = (
				0DB5D12E289558D80042604A /* View */,
				0DB5D12D289558C90042604A /* Controller */,
			);
			path = ProblemListing;
			sourceTree = "<group>";
		};
		0DB5D12B289558470042604A /* ProblemVisualization */ = {
			isa = PBXGroup;
			children = (
				0DB5D13A289578060042604A /* Controller */,
			);
			path = ProblemVisualization;
			sourceTree = "<group>";
		};
		0DB5D12C289558570042604A /* ProblemForm */ = {
			isa = PBXGroup;
			children = (
				0DB5D1342895637C0042604A /* Controller */,
			);
			path = ProblemForm;
			sourceTree = "<group>";
		};
		0DB5D12D289558C90042604A /* Controller */ = {
			isa = PBXGroup;
			children = (
				0DB5D12F28955DA70042604A /* ProblemListingTableViewController.swift */,
			);
			path = Controller;
			sourceTree = "<group>";
		};
		0DB5D12E289558D80042604A /* View */ = {
			isa = PBXGroup;
			children = (
				0DB5D13828956ED60042604A /* ProblemTableViewCell.swift */,
			);
			path = View;
			sourceTree = "<group>";
		};
		0DB5D13128955DDE0042604A /* Files */ = {
			isa = PBXGroup;
			children = (
				0DB5D119289555890042604A /* ProblemRegister.xcdatamodeld */,
			);
			path = Files;
			sourceTree = "<group>";
		};
		0DB5D1342895637C0042604A /* Controller */ = {
			isa = PBXGroup;
			children = (
				0DB5D132289563730042604A /* ProblemFormViewController.swift */,
			);
			path = Controller;
			sourceTree = "<group>";
		};
		0DB5D13528956E010042604A /* Extensions */ = {
			isa = PBXGroup;
			children = (
				0DB5D13628956E1A0042604A /* UIViewController+Context.swift */,
			);
			path = Extensions;
			sourceTree = "<group>";
		};
		0DB5D13A289578060042604A /* Controller */ = {
			isa = PBXGroup;
			children = (
				0DB5D13B289578220042604A /* ProblemVisualizationViewController.swift */,
			);
			path = Controller;
			sourceTree = "<group>";
		};
/* End PBXGroup section */

/* Begin PBXNativeTarget section */
		0DB5D10C289555890042604A /* EduardoHiggorMarcusSergioSergio */ = {
			isa = PBXNativeTarget;
			buildConfigurationList = 0DB5D1242895558B0042604A /* Build configuration list for PBXNativeTarget "EduardoHiggorMarcusSergioSergio" */;
			buildPhases = (
				0DB5D109289555890042604A /* Sources */,
				0DB5D10A289555890042604A /* Frameworks */,
				0DB5D10B289555890042604A /* Resources */,
			);
			buildRules = (
			);
			dependencies = (
			);
			name = EduardoHiggorMarcusSergioSergio;
			productName = ProblemRegister;
			productReference = 0DB5D10D289555890042604A /* EduardoHiggorMarcusSergioSergio.app */;
			productType = "com.apple.product-type.application";
		};
/* End PBXNativeTarget section */

/* Begin PBXProject section */
		0DB5D105289555890042604A /* Project object */ = {
			isa = PBXProject;
			attributes = {
				BuildIndependentTargetsInParallel = 1;
				LastSwiftUpdateCheck = 1340;
				LastUpgradeCheck = 1340;
				TargetAttributes = {
					0DB5D10C289555890042604A = {
						CreatedOnToolsVersion = 13.4;
					};
				};
			};
			buildConfigurationList = 0DB5D108289555890042604A /* Build configuration list for PBXProject "EduardoHiggorMarcusSergioSergio" */;
			compatibilityVersion = "Xcode 13.0";
			developmentRegion = en;
			hasScannedForEncodings = 0;
			knownRegions = (
				en,
				Base,
			);
			mainGroup = 0DB5D104289555890042604A;
			productRefGroup = 0DB5D10E289555890042604A /* Products */;
			projectDirPath = "";
			projectRoot = "";
			targets = (
				0DB5D10C289555890042604A /* EduardoHiggorMarcusSergioSergio */,
			);
		};
/* End PBXProject section */

/* Begin PBXResourcesBuildPhase section */
		0DB5D10B289555890042604A /* Resources */ = {
			isa = PBXResourcesBuildPhase;
			buildActionMask = 2147483647;
			files = (
				0DB5D1202895558B0042604A /* LaunchScreen.storyboard in Resources */,
				0DB5D11D2895558B0042604A /* Assets.xcassets in Resources */,
				0DB5D118289555890042604A /* Main.storyboard in Resources */,
			);
			runOnlyForDeploymentPostprocessing = 0;
		};
/* End PBXResourcesBuildPhase section */

/* Begin PBXSourcesBuildPhase section */
		0DB5D109289555890042604A /* Sources */ = {
			isa = PBXSourcesBuildPhase;
			buildActionMask = 2147483647;
			files = (
				0DB5D13028955DA70042604A /* ProblemListingTableViewController.swift in Sources */,
				0DB5D111289555890042604A /* AppDelegate.swift in Sources */,
				0DB5D13728956E1A0042604A /* UIViewController+Context.swift in Sources */,
				0DB5D11B289555890042604A /* ProblemRegister.xcdatamodeld in Sources */,
				0DB5D133289563730042604A /* ProblemFormViewController.swift in Sources */,
				0DB5D13C289578220042604A /* ProblemVisualizationViewController.swift in Sources */,
				0DB5D113289555890042604A /* SceneDelegate.swift in Sources */,
				0DB5D13928956ED60042604A /* ProblemTableViewCell.swift in Sources */,
			);
			runOnlyForDeploymentPostprocessing = 0;
		};
/* End PBXSourcesBuildPhase section */

/* Begin PBXVariantGroup section */
		0DB5D116289555890042604A /* Main.storyboard */ = {
			isa = PBXVariantGroup;
			children = (
				0DB5D117289555890042604A /* Base */,
			);
			name = Main.storyboard;
			sourceTree = "<group>";
		};
		0DB5D11E2895558B0042604A /* LaunchScreen.storyboard */ = {
			isa = PBXVariantGroup;
			children = (
				0DB5D11F2895558B0042604A /* Base */,
			);
			name = LaunchScreen.storyboard;
			sourceTree = "<group>";
		};
/* End PBXVariantGroup section */

/* Begin XCBuildConfiguration section */
		0DB5D1222895558B0042604A /* Debug */ = {
			isa = XCBuildConfiguration;
			buildSettings = {
				ALWAYS_SEARCH_USER_PATHS = NO;
				CLANG_ANALYZER_NONNULL = YES;
				CLANG_ANALYZER_NUMBER_OBJECT_CONVERSION = YES_AGGRESSIVE;
				CLANG_CXX_LANGUAGE_STANDARD = "gnu++17";
				CLANG_ENABLE_MODULES = YES;
				CLANG_ENABLE_OBJC_ARC = YES;
				CLANG_ENABLE_OBJC_WEAK = YES;
				CLANG_WARN_BLOCK_CAPTURE_AUTORELEASING = YES;
				CLANG_WARN_BOOL_CONVERSION = YES;
				CLANG_WARN_COMMA = YES;
				CLANG_WARN_CONSTANT_CONVERSION = YES;
				CLANG_WARN_DEPRECATED_OBJC_IMPLEMENTATIONS = YES;
				CLANG_WARN_DIRECT_OBJC_ISA_USAGE = YES_ERROR;
				CLANG_WARN_DOCUMENTATION_COMMENTS = YES;
				CLANG_WARN_EMPTY_BODY = YES;
				CLANG_WARN_ENUM_CONVERSION = YES;
				CLANG_WARN_INFINITE_RECURSION = YES;
				CLANG_WARN_INT_CONVERSION = YES;
				CLANG_WARN_NON_LITERAL_NULL_CONVERSION = YES;
				CLANG_WARN_OBJC_IMPLICIT_RETAIN_SELF = YES;
				CLANG_WARN_OBJC_LITERAL_CONVERSION = YES;
				CLANG_WARN_OBJC_ROOT_CLASS = YES_ERROR;
				CLANG_WARN_QUOTED_INCLUDE_IN_FRAMEWORK_HEADER = YES;
				CLANG_WARN_RANGE_LOOP_ANALYSIS = YES;
				CLANG_WARN_STRICT_PROTOTYPES = YES;
				CLANG_WARN_SUSPICIOUS_MOVE = YES;
				CLANG_WARN_UNGUARDED_AVAILABILITY = YES_AGGRESSIVE;
				CLANG_WARN_UNREACHABLE_CODE = YES;
				CLANG_WARN__DUPLICATE_METHOD_MATCH = YES;
				COPY_PHASE_STRIP = NO;
				DEBUG_INFORMATION_FORMAT = dwarf;
				ENABLE_STRICT_OBJC_MSGSEND = YES;
				ENABLE_TESTABILITY = YES;
				GCC_C_LANGUAGE_STANDARD = gnu11;
				GCC_DYNAMIC_NO_PIC = NO;
				GCC_NO_COMMON_BLOCKS = YES;
				GCC_OPTIMIZATION_LEVEL = 0;
				GCC_PREPROCESSOR_DEFINITIONS = (
					"DEBUG=1",
					"$(inherited)",
				);
				GCC_WARN_64_TO_32_BIT_CONVERSION = YES;
				GCC_WARN_ABOUT_RETURN_TYPE = YES_ERROR;
				GCC_WARN_UNDECLARED_SELECTOR = YES;
				GCC_WARN_UNINITIALIZED_AUTOS = YES_AGGRESSIVE;
				GCC_WARN_UNUSED_FUNCTION = YES;
				GCC_WARN_UNUSED_VARIABLE = YES;
				IPHONEOS_DEPLOYMENT_TARGET = 15.5;
				MTL_ENABLE_DEBUG_INFO = INCLUDE_SOURCE;
				MTL_FAST_MATH = YES;
				ONLY_ACTIVE_ARCH = YES;
				SDKROOT = iphoneos;
				SWIFT_ACTIVE_COMPILATION_CONDITIONS = DEBUG;
				SWIFT_OPTIMIZATION_LEVEL = "-Onone";
			};
			name = Debug;
		};
		0DB5D1232895558B0042604A /* Release */ = {
			isa = XCBuildConfiguration;
			buildSettings = {
				ALWAYS_SEARCH_USER_PATHS = NO;
				CLANG_ANALYZER_NONNULL = YES;
				CLANG_ANALYZER_NUMBER_OBJECT_CONVERSION = YES_AGGRESSIVE;
				CLANG_CXX_LANGUAGE_STANDARD = "gnu++17";
				CLANG_ENABLE_MODULES = YES;
				CLANG_ENABLE_OBJC_ARC = YES;
				CLANG_ENABLE_OBJC_WEAK = YES;
				CLANG_WARN_BLOCK_CAPTURE_AUTORELEASING = YES;
				CLANG_WARN_BOOL_CONVERSION = YES;
				CLANG_WARN_COMMA = YES;
				CLANG_WARN_CONSTANT_CONVERSION = YES;
				CLANG_WARN_DEPRECATED_OBJC_IMPLEMENTATIONS = YES;
				CLANG_WARN_DIRECT_OBJC_ISA_USAGE = YES_ERROR;
				CLANG_WARN_DOCUMENTATION_COMMENTS = YES;
				CLANG_WARN_EMPTY_BODY = YES;
				CLANG_WARN_ENUM_CONVERSION = YES;
				CLANG_WARN_INFINITE_RECURSION = YES;
				CLANG_WARN_INT_CONVERSION = YES;
				CLANG_WARN_NON_LITERAL_NULL_CONVERSION = YES;
				CLANG_WARN_OBJC_IMPLICIT_RETAIN_SELF = YES;
				CLANG_WARN_OBJC_LITERAL_CONVERSION = YES;
				CLANG_WARN_OBJC_ROOT_CLASS = YES_ERROR;
				CLANG_WARN_QUOTED_INCLUDE_IN_FRAMEWORK_HEADER = YES;
				CLANG_WARN_RANGE_LOOP_ANALYSIS = YES;
				CLANG_WARN_STRICT_PROTOTYPES = YES;
				CLANG_WARN_SUSPICIOUS_MOVE = YES;
				CLANG_WARN_UNGUARDED_AVAILABILITY = YES_AGGRESSIVE;
				CLANG_WARN_UNREACHABLE_CODE = YES;
				CLANG_WARN__DUPLICATE_METHOD_MATCH = YES;
				COPY_PHASE_STRIP = NO;
				DEBUG_INFORMATION_FORMAT = "dwarf-with-dsym";
				ENABLE_NS_ASSERTIONS = NO;
				ENABLE_STRICT_OBJC_MSGSEND = YES;
				GCC_C_LANGUAGE_STANDARD = gnu11;
				GCC_NO_COMMON_BLOCKS = YES;
				GCC_WARN_64_TO_32_BIT_CONVERSION = YES;
				GCC_WARN_ABOUT_RETURN_TYPE = YES_ERROR;
				GCC_WARN_UNDECLARED_SELECTOR = YES;
				GCC_WARN_UNINITIALIZED_AUTOS = YES_AGGRESSIVE;
				GCC_WARN_UNUSED_FUNCTION = YES;
				GCC_WARN_UNUSED_VARIABLE = YES;
				IPHONEOS_DEPLOYMENT_TARGET = 15.5;
				MTL_ENABLE_DEBUG_INFO = NO;
				MTL_FAST_MATH = YES;
				SDKROOT = iphoneos;
				SWIFT_COMPILATION_MODE = wholemodule;
				SWIFT_OPTIMIZATION_LEVEL = "-O";
				VALIDATE_PRODUCT = YES;
			};
			name = Release;
		};
		0DB5D1252895558B0042604A /* Debug */ = {
			isa = XCBuildConfiguration;
			buildSettings = {
				ASSETCATALOG_COMPILER_APPICON_NAME = AppIcon;
				ASSETCATALOG_COMPILER_GLOBAL_ACCENT_COLOR_NAME = AccentColor;
				CODE_SIGN_STYLE = Automatic;
				CURRENT_PROJECT_VERSION = 1;
				DEVELOPMENT_TEAM = 853RB5K78H;
				GENERATE_INFOPLIST_FILE = YES;
				INFOPLIST_FILE = ProblemRegister/Info.plist;
				INFOPLIST_KEY_CFBundleDisplayName = EduardoHiggorMarcusSergioSergio;
				INFOPLIST_KEY_UIApplicationSupportsIndirectInputEvents = YES;
				INFOPLIST_KEY_UILaunchStoryboardName = LaunchScreen;
				INFOPLIST_KEY_UIMainStoryboardFile = Main;
				INFOPLIST_KEY_UISupportedInterfaceOrientations_iPad = "UIInterfaceOrientationPortrait UIInterfaceOrientationPortraitUpsideDown UIInterfaceOrientationLandscapeLeft UIInterfaceOrientationLandscapeRight";
				INFOPLIST_KEY_UISupportedInterfaceOrientations_iPhone = "UIInterfaceOrientationPortrait UIInterfaceOrientationLandscapeLeft UIInterfaceOrientationLandscapeRight";
				LD_RUNPATH_SEARCH_PATHS = (
					"$(inherited)",
					"@executable_path/Frameworks",
				);
				MARKETING_VERSION = 1.0;
				PRODUCT_BUNDLE_IDENTIFIER = br.com.eduardosilva.ProblemRegister;
				PRODUCT_NAME = "$(TARGET_NAME)";
				SWIFT_EMIT_LOC_STRINGS = YES;
				SWIFT_VERSION = 5.0;
				TARGETED_DEVICE_FAMILY = "1,2";
			};
			name = Debug;
		};
		0DB5D1262895558B0042604A /* Release */ = {
			isa = XCBuildConfiguration;
			buildSettings = {
				ASSETCATALOG_COMPILER_APPICON_NAME = AppIcon;
				ASSETCATALOG_COMPILER_GLOBAL_ACCENT_COLOR_NAME = AccentColor;
				CODE_SIGN_STYLE = Automatic;
				CURRENT_PROJECT_VERSION = 1;
				DEVELOPMENT_TEAM = 853RB5K78H;
				GENERATE_INFOPLIST_FILE = YES;
				INFOPLIST_FILE = ProblemRegister/Info.plist;
				INFOPLIST_KEY_CFBundleDisplayName = EduardoHiggorMarcusSergioSergio;
				INFOPLIST_KEY_UIApplicationSupportsIndirectInputEvents = YES;
				INFOPLIST_KEY_UILaunchStoryboardName = LaunchScreen;
				INFOPLIST_KEY_UIMainStoryboardFile = Main;
				INFOPLIST_KEY_UISupportedInterfaceOrientations_iPad = "UIInterfaceOrientationPortrait UIInterfaceOrientationPortraitUpsideDown UIInterfaceOrientationLandscapeLeft UIInterfaceOrientationLandscapeRight";
				INFOPLIST_KEY_UISupportedInterfaceOrientations_iPhone = "UIInterfaceOrientationPortrait UIInterfaceOrientationLandscapeLeft UIInterfaceOrientationLandscapeRight";
				LD_RUNPATH_SEARCH_PATHS = (
					"$(inherited)",
					"@executable_path/Frameworks",
				);
				MARKETING_VERSION = 1.0;
				PRODUCT_BUNDLE_IDENTIFIER = br.com.eduardosilva.ProblemRegister;
				PRODUCT_NAME = "$(TARGET_NAME)";
				SWIFT_EMIT_LOC_STRINGS = YES;
				SWIFT_VERSION = 5.0;
				TARGETED_DEVICE_FAMILY = "1,2";
			};
			name = Release;
		};
/* End XCBuildConfiguration section */

/* Begin XCConfigurationList section */
		0DB5D108289555890042604A /* Build configuration list for PBXProject "EduardoHiggorMarcusSergioSergio" */ = {
			isa = XCConfigurationList;
			buildConfigurations = (
				0DB5D1222895558B0042604A /* Debug */,
				0DB5D1232895558B0042604A /* Release */,
			);
			defaultConfigurationIsVisible = 0;
			defaultConfigurationName = Release;
		};
		0DB5D1242895558B0042604A /* Build configuration list for PBXNativeTarget "EduardoHiggorMarcusSergioSergio" */ = {
			isa = XCConfigurationList;
			buildConfigurations = (
				0DB5D1252895558B0042604A /* Debug */,
				0DB5D1262895558B0042604A /* Release */,
			);
			defaultConfigurationIsVisible = 0;
			defaultConfigurationName = Release;
		};
/* End XCConfigurationList section */

/* Begin XCVersionGroup section */
		0DB5D119289555890042604A /* ProblemRegister.xcdatamodeld */ = {
			isa = XCVersionGroup;
			children = (
				0DB5D11A289555890042604A /* ProblemRegister.xcdatamodel */,
			);
			currentVersion = 0DB5D11A289555890042604A /* ProblemRegister.xcdatamodel */;
			path = ProblemRegister.xcdatamodeld;
			sourceTree = "<group>";
			versionGroupType = wrapper.xcdatamodel;
		};
/* End XCVersionGroup section */
	};
	rootObject = 0DB5D105289555890042604A /* Project object */;
}
